// !$*UTF8*$!
{
	archiveVersion = 1;
	classes = {
	};
	objectVersion = 46;
	objects = {

/* Begin PBXBuildFile section */
		150C41761A1A6DF10062DE29 /* main.m in Sources */ = {isa = PBXBuildFile; fileRef = 150C41751A1A6DF10062DE29 /* main.m */; };
		150C41791A1A6DF10062DE29 /* AppDelegate.m in Sources */ = {isa = PBXBuildFile; fileRef = 150C41781A1A6DF10062DE29 /* AppDelegate.m */; };
		150C417C1A1A6DF10062DE29 /* HeyYou.xcdatamodeld in Sources */ = {isa = PBXBuildFile; fileRef = 150C417A1A1A6DF10062DE29 /* HeyYou.xcdatamodeld */; };
		150C41821A1A6DF10062DE29 /* Main.storyboard in Resources */ = {isa = PBXBuildFile; fileRef = 150C41801A1A6DF10062DE29 /* Main.storyboard */; };
		150C41841A1A6DF10062DE29 /* Images.xcassets in Resources */ = {isa = PBXBuildFile; fileRef = 150C41831A1A6DF10062DE29 /* Images.xcassets */; };
		150C41871A1A6DF10062DE29 /* LaunchScreen.xib in Resources */ = {isa = PBXBuildFile; fileRef = 150C41851A1A6DF10062DE29 /* LaunchScreen.xib */; };
		150C41931A1A6DF10062DE29 /* HeyYouTests.m in Sources */ = {isa = PBXBuildFile; fileRef = 150C41921A1A6DF10062DE29 /* HeyYouTests.m */; };
		150C419F1A1A70CF0062DE29 /* Dot.m in Sources */ = {isa = PBXBuildFile; fileRef = 150C419E1A1A70CF0062DE29 /* Dot.m */; };
		150C41A21A1A772E0062DE29 /* User.m in Sources */ = {isa = PBXBuildFile; fileRef = 150C41A11A1A772E0062DE29 /* User.m */; };
		150C41A51A1A77C20062DE29 /* Comment.m in Sources */ = {isa = PBXBuildFile; fileRef = 150C41A41A1A77C20062DE29 /* Comment.m */; };
		150C41AD1A1AAD6F0062DE29 /* NetworkController.m in Sources */ = {isa = PBXBuildFile; fileRef = 150C41AC1A1AAD6F0062DE29 /* NetworkController.m */; };
		1512640D1A1E7F5500D13419 /* NSString+Validate.m in Sources */ = {isa = PBXBuildFile; fileRef = 1512640C1A1E7F5500D13419 /* NSString+Validate.m */; };
		151264101A1EB96C00D13419 /* ErrorsHandler.m in Sources */ = {isa = PBXBuildFile; fileRef = 1512640F1A1EB96C00D13419 /* ErrorsHandler.m */; };
		151264121A1EC10800D13419 /* ErrorsHandler.strings in Resources */ = {isa = PBXBuildFile; fileRef = 151264111A1EC10800D13419 /* ErrorsHandler.strings */; };
		7E0790341A1BCC3C00858BD7 /* DotAnnotation.m in Sources */ = {isa = PBXBuildFile; fileRef = 7E0790331A1BCC3C00858BD7 /* DotAnnotation.m */; };
		7E089DE31A1F658100D78F38 /* generated (1).json in Resources */ = {isa = PBXBuildFile; fileRef = 7E089DE21A1F658100D78F38 /* generated (1).json */; };
		7E089DE51A1F710A00D78F38 /* MapKit.framework in Frameworks */ = {isa = PBXBuildFile; fileRef = 7E089DE41A1F710A00D78F38 /* MapKit.framework */; };
		7E1689151A1BDE5D00BA4DE6 /* mediumbluecircle.png in Resources */ = {isa = PBXBuildFile; fileRef = 7E16890E1A1BDE5D00BA4DE6 /* mediumbluecircle.png */; };
		7E1689181A1BDE5D00BA4DE6 /* mediumpinkcircle.png in Resources */ = {isa = PBXBuildFile; fileRef = 7E1689111A1BDE5D00BA4DE6 /* mediumpinkcircle.png */; };
		7E16891B1A1BDE5E00BA4DE6 /* mediumyellowcircle.png in Resources */ = {isa = PBXBuildFile; fileRef = 7E1689141A1BDE5D00BA4DE6 /* mediumyellowcircle.png */; };
		7E16891F1A1BF22E00BA4DE6 /* CommentCell.m in Sources */ = {isa = PBXBuildFile; fileRef = 7E16891D1A1BF22E00BA4DE6 /* CommentCell.m */; };
		7E1689201A1BF22E00BA4DE6 /* CommentCell.xib in Resources */ = {isa = PBXBuildFile; fileRef = 7E16891E1A1BF22E00BA4DE6 /* CommentCell.xib */; };
		7E1689231A1C44CA00BA4DE6 /* DotAnnotationView.m in Sources */ = {isa = PBXBuildFile; fileRef = 7E1689221A1C44CA00BA4DE6 /* DotAnnotationView.m */; };
		7E4B2AEF1A1DB7CE00C931E2 /* SanFranciscoText-Bold.otf in Resources */ = {isa = PBXBuildFile; fileRef = 7E4B2AE11A1DB7CE00C931E2 /* SanFranciscoText-Bold.otf */; };
		7E4B2AF11A1DB7CE00C931E2 /* SanFranciscoText-Heavy.otf in Resources */ = {isa = PBXBuildFile; fileRef = 7E4B2AE31A1DB7CE00C931E2 /* SanFranciscoText-Heavy.otf */; };
		7E4B2AF31A1DB7CE00C931E2 /* SanFranciscoText-Light.otf in Resources */ = {isa = PBXBuildFile; fileRef = 7E4B2AE51A1DB7CE00C931E2 /* SanFranciscoText-Light.otf */; };
		7E4B2AF51A1DB7CE00C931E2 /* SanFranciscoText-Medium.otf in Resources */ = {isa = PBXBuildFile; fileRef = 7E4B2AE71A1DB7CE00C931E2 /* SanFranciscoText-Medium.otf */; };
		7E4B2AF71A1DB7CE00C931E2 /* SanFranciscoText-Regular.otf in Resources */ = {isa = PBXBuildFile; fileRef = 7E4B2AE91A1DB7CE00C931E2 /* SanFranciscoText-Regular.otf */; };
		7E4B2AF91A1DB7CE00C931E2 /* SanFranciscoText-Semibold.otf in Resources */ = {isa = PBXBuildFile; fileRef = 7E4B2AEB1A1DB7CE00C931E2 /* SanFranciscoText-Semibold.otf */; };
		7E4B2AFB1A1DB7CE00C931E2 /* SanFranciscoText-Thin.otf in Resources */ = {isa = PBXBuildFile; fileRef = 7E4B2AED1A1DB7CE00C931E2 /* SanFranciscoText-Thin.otf */; };
		7E5F2C7E1A1E6E6E0052713F /* tinker-451865.jpg in Resources */ = {isa = PBXBuildFile; fileRef = 7E5F2C7D1A1E6E6E0052713F /* tinker-451865.jpg */; };
		7E5F2C801A1E6E830052713F /* color-circles-408988.jpg in Resources */ = {isa = PBXBuildFile; fileRef = 7E5F2C7F1A1E6E830052713F /* color-circles-408988.jpg */; };
		7E6E34DB1A1A75A100FF6776 /* SideMenuViewController.m in Sources */ = {isa = PBXBuildFile; fileRef = 7E6E34D91A1A75A100FF6776 /* SideMenuViewController.m */; };
		7E6E34DC1A1A75A100FF6776 /* SideMenuViewController.xib in Resources */ = {isa = PBXBuildFile; fileRef = 7E6E34DA1A1A75A100FF6776 /* SideMenuViewController.xib */; };
		7E6E34DE1A1A7CF900FF6776 /* typicons.ttf in Resources */ = {isa = PBXBuildFile; fileRef = 7E6E34DD1A1A7CF900FF6776 /* typicons.ttf */; };
		7E6E34E41A1A91ED00FF6776 /* PostViewController.m in Sources */ = {isa = PBXBuildFile; fileRef = 7E6E34E21A1A91ED00FF6776 /* PostViewController.m */; };
		7E6E34E51A1A91ED00FF6776 /* PostViewController.xib in Resources */ = {isa = PBXBuildFile; fileRef = 7E6E34E31A1A91ED00FF6776 /* PostViewController.xib */; };
		7E6E34E61A1A994A00FF6776 /* MapViewController.m in Sources */ = {isa = PBXBuildFile; fileRef = 150C417E1A1A6DF10062DE29 /* MapViewController.m */; };
		7E713DE11A1AA0AD00B6C9D3 /* HEAVYWEI.TTF in Resources */ = {isa = PBXBuildFile; fileRef = 7E713DE01A1AA0AD00B6C9D3 /* HEAVYWEI.TTF */; };
		7E713DE71A1AC73600B6C9D3 /* BrowseViewController.m in Sources */ = {isa = PBXBuildFile; fileRef = 7E713DE51A1AC73600B6C9D3 /* BrowseViewController.m */; };
		7E713DE81A1AC73600B6C9D3 /* BrowseViewController.xib in Resources */ = {isa = PBXBuildFile; fileRef = 7E713DE61A1AC73600B6C9D3 /* BrowseViewController.xib */; };
/* End PBXBuildFile section */

/* Begin PBXContainerItemProxy section */
		150C418D1A1A6DF10062DE29 /* PBXContainerItemProxy */ = {
			isa = PBXContainerItemProxy;
			containerPortal = 150C41681A1A6DF10062DE29 /* Project object */;
			proxyType = 1;
			remoteGlobalIDString = 150C416F1A1A6DF10062DE29;
			remoteInfo = HeyYou;
		};
/* End PBXContainerItemProxy section */

/* Begin PBXFileReference section */
		150C41701A1A6DF10062DE29 /* HeyYou.app */ = {isa = PBXFileReference; explicitFileType = wrapper.application; includeInIndex = 0; path = HeyYou.app; sourceTree = BUILT_PRODUCTS_DIR; };
		150C41741A1A6DF10062DE29 /* Info.plist */ = {isa = PBXFileReference; lastKnownFileType = text.plist.xml; path = Info.plist; sourceTree = "<group>"; };
		150C41751A1A6DF10062DE29 /* main.m */ = {isa = PBXFileReference; lastKnownFileType = sourcecode.c.objc; path = main.m; sourceTree = "<group>"; };
		150C41771A1A6DF10062DE29 /* AppDelegate.h */ = {isa = PBXFileReference; lastKnownFileType = sourcecode.c.h; path = AppDelegate.h; sourceTree = "<group>"; };
		150C41781A1A6DF10062DE29 /* AppDelegate.m */ = {isa = PBXFileReference; lastKnownFileType = sourcecode.c.objc; path = AppDelegate.m; sourceTree = "<group>"; };
		150C417B1A1A6DF10062DE29 /* HeyYou.xcdatamodel */ = {isa = PBXFileReference; lastKnownFileType = wrapper.xcdatamodel; path = HeyYou.xcdatamodel; sourceTree = "<group>"; };
		150C417D1A1A6DF10062DE29 /* MapViewController.h */ = {isa = PBXFileReference; lastKnownFileType = sourcecode.c.h; path = MapViewController.h; sourceTree = "<group>"; };
		150C417E1A1A6DF10062DE29 /* MapViewController.m */ = {isa = PBXFileReference; lastKnownFileType = sourcecode.c.objc; path = MapViewController.m; sourceTree = "<group>"; };
		150C41811A1A6DF10062DE29 /* Base */ = {isa = PBXFileReference; lastKnownFileType = file.storyboard; name = Base; path = Base.lproj/Main.storyboard; sourceTree = "<group>"; };
		150C41831A1A6DF10062DE29 /* Images.xcassets */ = {isa = PBXFileReference; lastKnownFileType = folder.assetcatalog; path = Images.xcassets; sourceTree = "<group>"; };
		150C41861A1A6DF10062DE29 /* Base */ = {isa = PBXFileReference; lastKnownFileType = file.xib; name = Base; path = Base.lproj/LaunchScreen.xib; sourceTree = "<group>"; };
		150C418C1A1A6DF10062DE29 /* HeyYouTests.xctest */ = {isa = PBXFileReference; explicitFileType = wrapper.cfbundle; includeInIndex = 0; path = HeyYouTests.xctest; sourceTree = BUILT_PRODUCTS_DIR; };
		150C41911A1A6DF10062DE29 /* Info.plist */ = {isa = PBXFileReference; lastKnownFileType = text.plist.xml; path = Info.plist; sourceTree = "<group>"; };
		150C41921A1A6DF10062DE29 /* HeyYouTests.m */ = {isa = PBXFileReference; lastKnownFileType = sourcecode.c.objc; path = HeyYouTests.m; sourceTree = "<group>"; };
		150C419D1A1A70CF0062DE29 /* Dot.h */ = {isa = PBXFileReference; fileEncoding = 4; lastKnownFileType = sourcecode.c.h; path = Dot.h; sourceTree = "<group>"; };
		150C419E1A1A70CF0062DE29 /* Dot.m */ = {isa = PBXFileReference; fileEncoding = 4; lastKnownFileType = sourcecode.c.objc; path = Dot.m; sourceTree = "<group>"; };
		150C41A01A1A772E0062DE29 /* User.h */ = {isa = PBXFileReference; fileEncoding = 4; lastKnownFileType = sourcecode.c.h; path = User.h; sourceTree = "<group>"; };
		150C41A11A1A772E0062DE29 /* User.m */ = {isa = PBXFileReference; fileEncoding = 4; lastKnownFileType = sourcecode.c.objc; path = User.m; sourceTree = "<group>"; };
		150C41A31A1A77C20062DE29 /* Comment.h */ = {isa = PBXFileReference; fileEncoding = 4; lastKnownFileType = sourcecode.c.h; path = Comment.h; sourceTree = "<group>"; };
		150C41A41A1A77C20062DE29 /* Comment.m */ = {isa = PBXFileReference; fileEncoding = 4; lastKnownFileType = sourcecode.c.objc; path = Comment.m; sourceTree = "<group>"; };
		150C41AB1A1AAD6F0062DE29 /* NetworkController.h */ = {isa = PBXFileReference; fileEncoding = 4; lastKnownFileType = sourcecode.c.h; path = NetworkController.h; sourceTree = "<group>"; };
		150C41AC1A1AAD6F0062DE29 /* NetworkController.m */ = {isa = PBXFileReference; fileEncoding = 4; lastKnownFileType = sourcecode.c.objc; path = NetworkController.m; sourceTree = "<group>"; };
		1512640B1A1E7F5500D13419 /* NSString+Validate.h */ = {isa = PBXFileReference; fileEncoding = 4; lastKnownFileType = sourcecode.c.h; path = "NSString+Validate.h"; sourceTree = "<group>"; };
		1512640C1A1E7F5500D13419 /* NSString+Validate.m */ = {isa = PBXFileReference; fileEncoding = 4; lastKnownFileType = sourcecode.c.objc; path = "NSString+Validate.m"; sourceTree = "<group>"; };
		1512640E1A1EB8CB00D13419 /* ErrorsHandler.h */ = {isa = PBXFileReference; lastKnownFileType = sourcecode.c.h; path = ErrorsHandler.h; sourceTree = "<group>"; };
		1512640F1A1EB96C00D13419 /* ErrorsHandler.m */ = {isa = PBXFileReference; fileEncoding = 4; lastKnownFileType = sourcecode.c.objc; path = ErrorsHandler.m; sourceTree = "<group>"; };
		151264111A1EC10800D13419 /* ErrorsHandler.strings */ = {isa = PBXFileReference; fileEncoding = 4; lastKnownFileType = text.plist.strings; path = ErrorsHandler.strings; sourceTree = "<group>"; };
		7E0790321A1BCC3C00858BD7 /* DotAnnotation.h */ = {isa = PBXFileReference; fileEncoding = 4; lastKnownFileType = sourcecode.c.h; path = DotAnnotation.h; sourceTree = "<group>"; };
		7E0790331A1BCC3C00858BD7 /* DotAnnotation.m */ = {isa = PBXFileReference; fileEncoding = 4; lastKnownFileType = sourcecode.c.objc; path = DotAnnotation.m; sourceTree = "<group>"; };
		7E089DE21A1F658100D78F38 /* generated (1).json */ = {isa = PBXFileReference; fileEncoding = 4; lastKnownFileType = text.json; path = "generated (1).json"; sourceTree = "<group>"; };
		7E089DE41A1F710A00D78F38 /* MapKit.framework */ = {isa = PBXFileReference; lastKnownFileType = wrapper.framework; name = MapKit.framework; path = System/Library/Frameworks/MapKit.framework; sourceTree = SDKROOT; };
		7E1689041A1BD37F00BA4DE6 /* Oval 3.pdf */ = {isa = PBXFileReference; lastKnownFileType = image.pdf; path = "Oval 3.pdf"; sourceTree = "<group>"; };
		7E16890E1A1BDE5D00BA4DE6 /* mediumbluecircle.png */ = {isa = PBXFileReference; lastKnownFileType = image.png; path = mediumbluecircle.png; sourceTree = "<group>"; };
		7E16890F1A1BDE5D00BA4DE6 /* mediumgreencircle.png */ = {isa = PBXFileReference; lastKnownFileType = image.png; path = mediumgreencircle.png; sourceTree = "<group>"; };
		7E1689101A1BDE5D00BA4DE6 /* mediumorangecircle.png */ = {isa = PBXFileReference; lastKnownFileType = image.png; path = mediumorangecircle.png; sourceTree = "<group>"; };
		7E1689111A1BDE5D00BA4DE6 /* mediumpinkcircle.png */ = {isa = PBXFileReference; lastKnownFileType = image.png; path = mediumpinkcircle.png; sourceTree = "<group>"; };
		7E1689121A1BDE5D00BA4DE6 /* mediumpurplecircle.png */ = {isa = PBXFileReference; lastKnownFileType = image.png; path = mediumpurplecircle.png; sourceTree = "<group>"; };
		7E1689131A1BDE5D00BA4DE6 /* mediumtealcircle.png */ = {isa = PBXFileReference; lastKnownFileType = image.png; path = mediumtealcircle.png; sourceTree = "<group>"; };
		7E1689141A1BDE5D00BA4DE6 /* mediumyellowcircle.png */ = {isa = PBXFileReference; lastKnownFileType = image.png; path = mediumyellowcircle.png; sourceTree = "<group>"; };
		7E16891C1A1BF22E00BA4DE6 /* CommentCell.h */ = {isa = PBXFileReference; fileEncoding = 4; lastKnownFileType = sourcecode.c.h; path = CommentCell.h; sourceTree = "<group>"; };
		7E16891D1A1BF22E00BA4DE6 /* CommentCell.m */ = {isa = PBXFileReference; fileEncoding = 4; lastKnownFileType = sourcecode.c.objc; path = CommentCell.m; sourceTree = "<group>"; };
		7E16891E1A1BF22E00BA4DE6 /* CommentCell.xib */ = {isa = PBXFileReference; fileEncoding = 4; lastKnownFileType = file.xib; path = CommentCell.xib; sourceTree = "<group>"; };
		7E1689211A1C44CA00BA4DE6 /* DotAnnotationView.h */ = {isa = PBXFileReference; fileEncoding = 4; lastKnownFileType = sourcecode.c.h; path = DotAnnotationView.h; sourceTree = "<group>"; };
		7E1689221A1C44CA00BA4DE6 /* DotAnnotationView.m */ = {isa = PBXFileReference; fileEncoding = 4; lastKnownFileType = sourcecode.c.objc; path = DotAnnotationView.m; sourceTree = "<group>"; };
		7E4B2AE11A1DB7CE00C931E2 /* SanFranciscoText-Bold.otf */ = {isa = PBXFileReference; lastKnownFileType = file; path = "SanFranciscoText-Bold.otf"; sourceTree = "<group>"; };
		7E4B2AE31A1DB7CE00C931E2 /* SanFranciscoText-Heavy.otf */ = {isa = PBXFileReference; lastKnownFileType = file; path = "SanFranciscoText-Heavy.otf"; sourceTree = "<group>"; };
		7E4B2AE51A1DB7CE00C931E2 /* SanFranciscoText-Light.otf */ = {isa = PBXFileReference; lastKnownFileType = file; path = "SanFranciscoText-Light.otf"; sourceTree = "<group>"; };
		7E4B2AE71A1DB7CE00C931E2 /* SanFranciscoText-Medium.otf */ = {isa = PBXFileReference; lastKnownFileType = file; path = "SanFranciscoText-Medium.otf"; sourceTree = "<group>"; };
		7E4B2AE91A1DB7CE00C931E2 /* SanFranciscoText-Regular.otf */ = {isa = PBXFileReference; lastKnownFileType = file; path = "SanFranciscoText-Regular.otf"; sourceTree = "<group>"; };
		7E4B2AEB1A1DB7CE00C931E2 /* SanFranciscoText-Semibold.otf */ = {isa = PBXFileReference; lastKnownFileType = file; path = "SanFranciscoText-Semibold.otf"; sourceTree = "<group>"; };
		7E4B2AED1A1DB7CE00C931E2 /* SanFranciscoText-Thin.otf */ = {isa = PBXFileReference; lastKnownFileType = file; path = "SanFranciscoText-Thin.otf"; sourceTree = "<group>"; };
		7E5F2C7D1A1E6E6E0052713F /* tinker-451865.jpg */ = {isa = PBXFileReference; lastKnownFileType = image.jpeg; path = "tinker-451865.jpg"; sourceTree = "<group>"; };
		7E5F2C7F1A1E6E830052713F /* color-circles-408988.jpg */ = {isa = PBXFileReference; lastKnownFileType = image.jpeg; path = "color-circles-408988.jpg"; sourceTree = "<group>"; };
		7E6E34D81A1A75A100FF6776 /* SideMenuViewController.h */ = {isa = PBXFileReference; fileEncoding = 4; lastKnownFileType = sourcecode.c.h; path = SideMenuViewController.h; sourceTree = "<group>"; };
		7E6E34D91A1A75A100FF6776 /* SideMenuViewController.m */ = {isa = PBXFileReference; fileEncoding = 4; lastKnownFileType = sourcecode.c.objc; path = SideMenuViewController.m; sourceTree = "<group>"; };
		7E6E34DA1A1A75A100FF6776 /* SideMenuViewController.xib */ = {isa = PBXFileReference; fileEncoding = 4; lastKnownFileType = file.xib; path = SideMenuViewController.xib; sourceTree = "<group>"; };
		7E6E34DD1A1A7CF900FF6776 /* typicons.ttf */ = {isa = PBXFileReference; lastKnownFileType = file; path = typicons.ttf; sourceTree = "<group>"; };
		7E6E34E11A1A91ED00FF6776 /* PostViewController.h */ = {isa = PBXFileReference; fileEncoding = 4; lastKnownFileType = sourcecode.c.h; path = PostViewController.h; sourceTree = "<group>"; };
		7E6E34E21A1A91ED00FF6776 /* PostViewController.m */ = {isa = PBXFileReference; fileEncoding = 4; lastKnownFileType = sourcecode.c.objc; path = PostViewController.m; sourceTree = "<group>"; };
		7E6E34E31A1A91ED00FF6776 /* PostViewController.xib */ = {isa = PBXFileReference; fileEncoding = 4; lastKnownFileType = file.xib; path = PostViewController.xib; sourceTree = "<group>"; };
		7E713DE01A1AA0AD00B6C9D3 /* HEAVYWEI.TTF */ = {isa = PBXFileReference; lastKnownFileType = file; path = HEAVYWEI.TTF; sourceTree = "<group>"; };
		7E713DE21A1AA94200B6C9D3 /* sampledots.json */ = {isa = PBXFileReference; fileEncoding = 4; lastKnownFileType = text.json; path = sampledots.json; sourceTree = "<group>"; };
		7E713DE41A1AC73600B6C9D3 /* BrowseViewController.h */ = {isa = PBXFileReference; fileEncoding = 4; lastKnownFileType = sourcecode.c.h; path = BrowseViewController.h; sourceTree = "<group>"; };
		7E713DE51A1AC73600B6C9D3 /* BrowseViewController.m */ = {isa = PBXFileReference; fileEncoding = 4; lastKnownFileType = sourcecode.c.objc; path = BrowseViewController.m; sourceTree = "<group>"; };
		7E713DE61A1AC73600B6C9D3 /* BrowseViewController.xib */ = {isa = PBXFileReference; fileEncoding = 4; lastKnownFileType = file.xib; path = BrowseViewController.xib; sourceTree = "<group>"; };
/* End PBXFileReference section */

/* Begin PBXFrameworksBuildPhase section */
		150C416D1A1A6DF10062DE29 /* Frameworks */ = {
			isa = PBXFrameworksBuildPhase;
			buildActionMask = 2147483647;
			files = (
				7E089DE51A1F710A00D78F38 /* MapKit.framework in Frameworks */,
			);
			runOnlyForDeploymentPostprocessing = 0;
		};
		150C41891A1A6DF10062DE29 /* Frameworks */ = {
			isa = PBXFrameworksBuildPhase;
			buildActionMask = 2147483647;
			files = (
			);
			runOnlyForDeploymentPostprocessing = 0;
		};
/* End PBXFrameworksBuildPhase section */

/* Begin PBXGroup section */
		150C41671A1A6DF10062DE29 = {
			isa = PBXGroup;
			children = (
				7E089DE41A1F710A00D78F38 /* MapKit.framework */,
				150C41721A1A6DF10062DE29 /* HeyYou */,
				150C418F1A1A6DF10062DE29 /* HeyYouTests */,
				150C41711A1A6DF10062DE29 /* Products */,
			);
			sourceTree = "<group>";
		};
		150C41711A1A6DF10062DE29 /* Products */ = {
			isa = PBXGroup;
			children = (
				150C41701A1A6DF10062DE29 /* HeyYou.app */,
				150C418C1A1A6DF10062DE29 /* HeyYouTests.xctest */,
			);
			name = Products;
			sourceTree = "<group>";
		};
		150C41721A1A6DF10062DE29 /* HeyYou */ = {
			isa = PBXGroup;
			children = (
				150C41AA1A1AAD3F0062DE29 /* Controller Layer */,
				157853311A1D0F1C008CD931 /* View Layer */,
				150C419C1A1A70BD0062DE29 /* Model Layer */,
				150C41831A1A6DF10062DE29 /* Images.xcassets */,
				150C41851A1A6DF10062DE29 /* LaunchScreen.xib */,
				150C417A1A1A6DF10062DE29 /* HeyYou.xcdatamodeld */,
				150C41731A1A6DF10062DE29 /* Supporting Files */,
			);
			path = HeyYou;
			sourceTree = "<group>";
		};
		150C41731A1A6DF10062DE29 /* Supporting Files */ = {
			isa = PBXGroup;
			children = (
				7E089DE21A1F658100D78F38 /* generated (1).json */,
				7E5F2C7F1A1E6E830052713F /* color-circles-408988.jpg */,
				7E5F2C7D1A1E6E6E0052713F /* tinker-451865.jpg */,
				7E4B2AE11A1DB7CE00C931E2 /* SanFranciscoText-Bold.otf */,
				7E4B2AE31A1DB7CE00C931E2 /* SanFranciscoText-Heavy.otf */,
				7E4B2AE51A1DB7CE00C931E2 /* SanFranciscoText-Light.otf */,
				7E4B2AE71A1DB7CE00C931E2 /* SanFranciscoText-Medium.otf */,
				7E4B2AE91A1DB7CE00C931E2 /* SanFranciscoText-Regular.otf */,
				7E4B2AEB1A1DB7CE00C931E2 /* SanFranciscoText-Semibold.otf */,
				7E4B2AED1A1DB7CE00C931E2 /* SanFranciscoText-Thin.otf */,
				7E16890E1A1BDE5D00BA4DE6 /* mediumbluecircle.png */,
				7E16890F1A1BDE5D00BA4DE6 /* mediumgreencircle.png */,
				7E1689101A1BDE5D00BA4DE6 /* mediumorangecircle.png */,
				7E1689111A1BDE5D00BA4DE6 /* mediumpinkcircle.png */,
				7E1689121A1BDE5D00BA4DE6 /* mediumpurplecircle.png */,
				7E1689131A1BDE5D00BA4DE6 /* mediumtealcircle.png */,
				7E1689141A1BDE5D00BA4DE6 /* mediumyellowcircle.png */,
				7E1689041A1BD37F00BA4DE6 /* Oval 3.pdf */,
				7E713DE21A1AA94200B6C9D3 /* sampledots.json */,
				7E713DE01A1AA0AD00B6C9D3 /* HEAVYWEI.TTF */,
				150C41741A1A6DF10062DE29 /* Info.plist */,
				150C41751A1A6DF10062DE29 /* main.m */,
			);
			name = "Supporting Files";
			sourceTree = "<group>";
		};
		150C418F1A1A6DF10062DE29 /* HeyYouTests */ = {
			isa = PBXGroup;
			children = (
				150C41921A1A6DF10062DE29 /* HeyYouTests.m */,
				150C41901A1A6DF10062DE29 /* Supporting Files */,
			);
			path = HeyYouTests;
			sourceTree = "<group>";
		};
		150C41901A1A6DF10062DE29 /* Supporting Files */ = {
			isa = PBXGroup;
			children = (
				7E6E34DD1A1A7CF900FF6776 /* typicons.ttf */,
				150C41911A1A6DF10062DE29 /* Info.plist */,
			);
			name = "Supporting Files";
			sourceTree = "<group>";
		};
		150C419C1A1A70BD0062DE29 /* Model Layer */ = {
			isa = PBXGroup;
			children = (
				150C419D1A1A70CF0062DE29 /* Dot.h */,
				150C419E1A1A70CF0062DE29 /* Dot.m */,
				150C41A01A1A772E0062DE29 /* User.h */,
				150C41A11A1A772E0062DE29 /* User.m */,
				150C41A31A1A77C20062DE29 /* Comment.h */,
				150C41A41A1A77C20062DE29 /* Comment.m */,
			);
			name = "Model Layer";
			sourceTree = "<group>";
		};
		150C41AA1A1AAD3F0062DE29 /* Controller Layer */ = {
			isa = PBXGroup;
			children = (
				151264131A1EDB2500D13419 /* Error Handling */,
				150C41AB1A1AAD6F0062DE29 /* NetworkController.h */,
				150C41AC1A1AAD6F0062DE29 /* NetworkController.m */,
				7E6E34E11A1A91ED00FF6776 /* PostViewController.h */,
				7E6E34E21A1A91ED00FF6776 /* PostViewController.m */,
				7E713DE41A1AC73600B6C9D3 /* BrowseViewController.h */,
				7E713DE51A1AC73600B6C9D3 /* BrowseViewController.m */,
				150C41771A1A6DF10062DE29 /* AppDelegate.h */,
				150C41781A1A6DF10062DE29 /* AppDelegate.m */,
				150C417D1A1A6DF10062DE29 /* MapViewController.h */,
				150C417E1A1A6DF10062DE29 /* MapViewController.m */,
				7E6E34D81A1A75A100FF6776 /* SideMenuViewController.h */,
				7E6E34D91A1A75A100FF6776 /* SideMenuViewController.m */,
				1512640B1A1E7F5500D13419 /* NSString+Validate.h */,
				1512640C1A1E7F5500D13419 /* NSString+Validate.m */,
			);
			name = "Controller Layer";
			sourceTree = "<group>";
		};
		151264131A1EDB2500D13419 /* Error Handling */ = {
			isa = PBXGroup;
			children = (
				1512640E1A1EB8CB00D13419 /* ErrorsHandler.h */,
				1512640F1A1EB96C00D13419 /* ErrorsHandler.m */,
				151264111A1EC10800D13419 /* ErrorsHandler.strings */,
			);
			name = "Error Handling";
			sourceTree = "<group>";
		};
		157853311A1D0F1C008CD931 /* View Layer */ = {
			isa = PBXGroup;
			children = (
				7E6E34E31A1A91ED00FF6776 /* PostViewController.xib */,
				7E713DE61A1AC73600B6C9D3 /* BrowseViewController.xib */,
				7E16891C1A1BF22E00BA4DE6 /* CommentCell.h */,
				7E16891D1A1BF22E00BA4DE6 /* CommentCell.m */,
				7E16891E1A1BF22E00BA4DE6 /* CommentCell.xib */,
				7E1689211A1C44CA00BA4DE6 /* DotAnnotationView.h */,
				7E1689221A1C44CA00BA4DE6 /* DotAnnotationView.m */,
				7E0790321A1BCC3C00858BD7 /* DotAnnotation.h */,
				7E0790331A1BCC3C00858BD7 /* DotAnnotation.m */,
				7E6E34DA1A1A75A100FF6776 /* SideMenuViewController.xib */,
				150C41801A1A6DF10062DE29 /* Main.storyboard */,
			);
			name = "View Layer";
			sourceTree = "<group>";
		};
/* End PBXGroup section */

/* Begin PBXNativeTarget section */
		150C416F1A1A6DF10062DE29 /* HeyYou */ = {
			isa = PBXNativeTarget;
			buildConfigurationList = 150C41961A1A6DF10062DE29 /* Build configuration list for PBXNativeTarget "HeyYou" */;
			buildPhases = (
				150C416C1A1A6DF10062DE29 /* Sources */,
				150C416D1A1A6DF10062DE29 /* Frameworks */,
				150C416E1A1A6DF10062DE29 /* Resources */,
			);
			buildRules = (
			);
			dependencies = (
			);
			name = HeyYou;
			productName = HeyYou;
			productReference = 150C41701A1A6DF10062DE29 /* HeyYou.app */;
			productType = "com.apple.product-type.application";
		};
		150C418B1A1A6DF10062DE29 /* HeyYouTests */ = {
			isa = PBXNativeTarget;
			buildConfigurationList = 150C41991A1A6DF10062DE29 /* Build configuration list for PBXNativeTarget "HeyYouTests" */;
			buildPhases = (
				150C41881A1A6DF10062DE29 /* Sources */,
				150C41891A1A6DF10062DE29 /* Frameworks */,
				150C418A1A1A6DF10062DE29 /* Resources */,
			);
			buildRules = (
			);
			dependencies = (
				150C418E1A1A6DF10062DE29 /* PBXTargetDependency */,
			);
			name = HeyYouTests;
			productName = HeyYouTests;
			productReference = 150C418C1A1A6DF10062DE29 /* HeyYouTests.xctest */;
			productType = "com.apple.product-type.bundle.unit-test";
		};
/* End PBXNativeTarget section */

/* Begin PBXProject section */
		150C41681A1A6DF10062DE29 /* Project object */ = {
			isa = PBXProject;
			attributes = {
				LastUpgradeCheck = 0610;
				ORGANIZATIONNAME = "Hey You!";
				TargetAttributes = {
					150C416F1A1A6DF10062DE29 = {
						CreatedOnToolsVersion = 6.1;
						DevelopmentTeam = 6X3539QT5M;
						SystemCapabilities = {
							com.apple.Maps.iOS = {
								enabled = 1;
							};
						};
					};
					150C418B1A1A6DF10062DE29 = {
						CreatedOnToolsVersion = 6.1;
						TestTargetID = 150C416F1A1A6DF10062DE29;
					};
				};
			};
			buildConfigurationList = 150C416B1A1A6DF10062DE29 /* Build configuration list for PBXProject "HeyYou" */;
			compatibilityVersion = "Xcode 3.2";
			developmentRegion = English;
			hasScannedForEncodings = 0;
			knownRegions = (
				en,
				Base,
			);
			mainGroup = 150C41671A1A6DF10062DE29;
			productRefGroup = 150C41711A1A6DF10062DE29 /* Products */;
			projectDirPath = "";
			projectRoot = "";
			targets = (
				150C416F1A1A6DF10062DE29 /* HeyYou */,
				150C418B1A1A6DF10062DE29 /* HeyYouTests */,
			);
		};
/* End PBXProject section */

/* Begin PBXResourcesBuildPhase section */
		150C416E1A1A6DF10062DE29 /* Resources */ = {
			isa = PBXResourcesBuildPhase;
			buildActionMask = 2147483647;
			files = (
				7E4B2AF11A1DB7CE00C931E2 /* SanFranciscoText-Heavy.otf in Resources */,
				7E4B2AF31A1DB7CE00C931E2 /* SanFranciscoText-Light.otf in Resources */,
				7E6E34DC1A1A75A100FF6776 /* SideMenuViewController.xib in Resources */,
				150C41821A1A6DF10062DE29 /* Main.storyboard in Resources */,
				7E4B2AFB1A1DB7CE00C931E2 /* SanFranciscoText-Thin.otf in Resources */,
				7E713DE11A1AA0AD00B6C9D3 /* HEAVYWEI.TTF in Resources */,
				150C41871A1A6DF10062DE29 /* LaunchScreen.xib in Resources */,
				150C41841A1A6DF10062DE29 /* Images.xcassets in Resources */,
				7E4B2AEF1A1DB7CE00C931E2 /* SanFranciscoText-Bold.otf in Resources */,
				7E713DE81A1AC73600B6C9D3 /* BrowseViewController.xib in Resources */,
				7E4B2AF71A1DB7CE00C931E2 /* SanFranciscoText-Regular.otf in Resources */,
				7E5F2C7E1A1E6E6E0052713F /* tinker-451865.jpg in Resources */,
				7E6E34DE1A1A7CF900FF6776 /* typicons.ttf in Resources */,
				151264121A1EC10800D13419 /* ErrorsHandler.strings in Resources */,
				7E1689201A1BF22E00BA4DE6 /* CommentCell.xib in Resources */,
				7E1689151A1BDE5D00BA4DE6 /* mediumbluecircle.png in Resources */,
				7E4B2AF51A1DB7CE00C931E2 /* SanFranciscoText-Medium.otf in Resources */,
				7E6E34E51A1A91ED00FF6776 /* PostViewController.xib in Resources */,
				7E089DE31A1F658100D78F38 /* generated (1).json in Resources */,
				7E4B2AF91A1DB7CE00C931E2 /* SanFranciscoText-Semibold.otf in Resources */,
				7E16891B1A1BDE5E00BA4DE6 /* mediumyellowcircle.png in Resources */,
				7E5F2C801A1E6E830052713F /* color-circles-408988.jpg in Resources */,
				7E1689181A1BDE5D00BA4DE6 /* mediumpinkcircle.png in Resources */,
			);
			runOnlyForDeploymentPostprocessing = 0;
		};
		150C418A1A1A6DF10062DE29 /* Resources */ = {
			isa = PBXResourcesBuildPhase;
			buildActionMask = 2147483647;
			files = (
			);
			runOnlyForDeploymentPostprocessing = 0;
		};
/* End PBXResourcesBuildPhase section */

/* Begin PBXSourcesBuildPhase section */
		150C416C1A1A6DF10062DE29 /* Sources */ = {
			isa = PBXSourcesBuildPhase;
			buildActionMask = 2147483647;
			files = (
				7E0790341A1BCC3C00858BD7 /* DotAnnotation.m in Sources */,
				7E16891F1A1BF22E00BA4DE6 /* CommentCell.m in Sources */,
				150C41791A1A6DF10062DE29 /* AppDelegate.m in Sources */,
				1512640D1A1E7F5500D13419 /* NSString+Validate.m in Sources */,
				7E6E34E61A1A994A00FF6776 /* MapViewController.m in Sources */,
				151264101A1EB96C00D13419 /* ErrorsHandler.m in Sources */,
				7E6E34DB1A1A75A100FF6776 /* SideMenuViewController.m in Sources */,
				7E1689231A1C44CA00BA4DE6 /* DotAnnotationView.m in Sources */,
				7E6E34E41A1A91ED00FF6776 /* PostViewController.m in Sources */,
				150C41AD1A1AAD6F0062DE29 /* NetworkController.m in Sources */,
				150C417C1A1A6DF10062DE29 /* HeyYou.xcdatamodeld in Sources */,
				7E713DE71A1AC73600B6C9D3 /* BrowseViewController.m in Sources */,
				150C41A51A1A77C20062DE29 /* Comment.m in Sources */,
				150C41A21A1A772E0062DE29 /* User.m in Sources */,
				150C419F1A1A70CF0062DE29 /* Dot.m in Sources */,
				150C41761A1A6DF10062DE29 /* main.m in Sources */,
			);
			runOnlyForDeploymentPostprocessing = 0;
		};
		150C41881A1A6DF10062DE29 /* Sources */ = {
			isa = PBXSourcesBuildPhase;
			buildActionMask = 2147483647;
			files = (
				150C41931A1A6DF10062DE29 /* HeyYouTests.m in Sources */,
			);
			runOnlyForDeploymentPostprocessing = 0;
		};
/* End PBXSourcesBuildPhase section */

/* Begin PBXTargetDependency section */
		150C418E1A1A6DF10062DE29 /* PBXTargetDependency */ = {
			isa = PBXTargetDependency;
			target = 150C416F1A1A6DF10062DE29 /* HeyYou */;
			targetProxy = 150C418D1A1A6DF10062DE29 /* PBXContainerItemProxy */;
		};
/* End PBXTargetDependency section */

/* Begin PBXVariantGroup section */
		150C41801A1A6DF10062DE29 /* Main.storyboard */ = {
			isa = PBXVariantGroup;
			children = (
				150C41811A1A6DF10062DE29 /* Base */,
			);
			name = Main.storyboard;
			sourceTree = "<group>";
		};
		150C41851A1A6DF10062DE29 /* LaunchScreen.xib */ = {
			isa = PBXVariantGroup;
			children = (
				150C41861A1A6DF10062DE29 /* Base */,
			);
			name = LaunchScreen.xib;
			sourceTree = "<group>";
		};
/* End PBXVariantGroup section */

/* Begin XCBuildConfiguration section */
		150C41941A1A6DF10062DE29 /* Debug */ = {
			isa = XCBuildConfiguration;
			buildSettings = {
				ALWAYS_SEARCH_USER_PATHS = NO;
				CLANG_CXX_LANGUAGE_STANDARD = "gnu++0x";
				CLANG_CXX_LIBRARY = "libc++";
				CLANG_ENABLE_MODULES = YES;
				CLANG_ENABLE_OBJC_ARC = YES;
				CLANG_WARN_BOOL_CONVERSION = YES;
				CLANG_WARN_CONSTANT_CONVERSION = YES;
				CLANG_WARN_DIRECT_OBJC_ISA_USAGE = YES_ERROR;
				CLANG_WARN_EMPTY_BODY = YES;
				CLANG_WARN_ENUM_CONVERSION = YES;
				CLANG_WARN_INT_CONVERSION = YES;
				CLANG_WARN_OBJC_ROOT_CLASS = YES_ERROR;
				CLANG_WARN_UNREACHABLE_CODE = YES;
				CLANG_WARN__DUPLICATE_METHOD_MATCH = YES;
				"CODE_SIGN_IDENTITY[sdk=iphoneos*]" = "iPhone Developer";
				COPY_PHASE_STRIP = NO;
				ENABLE_STRICT_OBJC_MSGSEND = YES;
				GCC_C_LANGUAGE_STANDARD = gnu99;
				GCC_DYNAMIC_NO_PIC = NO;
				GCC_OPTIMIZATION_LEVEL = 0;
				GCC_PREPROCESSOR_DEFINITIONS = (
					"DEBUG=1",
					"$(inherited)",
				);
				GCC_SYMBOLS_PRIVATE_EXTERN = NO;
				GCC_WARN_64_TO_32_BIT_CONVERSION = YES;
				GCC_WARN_ABOUT_RETURN_TYPE = YES_ERROR;
				GCC_WARN_UNDECLARED_SELECTOR = YES;
				GCC_WARN_UNINITIALIZED_AUTOS = YES_AGGRESSIVE;
				GCC_WARN_UNUSED_FUNCTION = YES;
				GCC_WARN_UNUSED_VARIABLE = YES;
				IPHONEOS_DEPLOYMENT_TARGET = 8.1;
				MTL_ENABLE_DEBUG_INFO = YES;
				ONLY_ACTIVE_ARCH = YES;
				SDKROOT = iphoneos;
				TARGETED_DEVICE_FAMILY = "1,2";
			};
			name = Debug;
		};
		150C41951A1A6DF10062DE29 /* Release */ = {
			isa = XCBuildConfiguration;
			buildSettings = {
				ALWAYS_SEARCH_USER_PATHS = NO;
				CLANG_CXX_LANGUAGE_STANDARD = "gnu++0x";
				CLANG_CXX_LIBRARY = "libc++";
				CLANG_ENABLE_MODULES = YES;
				CLANG_ENABLE_OBJC_ARC = YES;
				CLANG_WARN_BOOL_CONVERSION = YES;
				CLANG_WARN_CONSTANT_CONVERSION = YES;
				CLANG_WARN_DIRECT_OBJC_ISA_USAGE = YES_ERROR;
				CLANG_WARN_EMPTY_BODY = YES;
				CLANG_WARN_ENUM_CONVERSION = YES;
				CLANG_WARN_INT_CONVERSION = YES;
				CLANG_WARN_OBJC_ROOT_CLASS = YES_ERROR;
				CLANG_WARN_UNREACHABLE_CODE = YES;
				CLANG_WARN__DUPLICATE_METHOD_MATCH = YES;
				"CODE_SIGN_IDENTITY[sdk=iphoneos*]" = "iPhone Developer";
				COPY_PHASE_STRIP = YES;
				ENABLE_NS_ASSERTIONS = NO;
				ENABLE_STRICT_OBJC_MSGSEND = YES;
				GCC_C_LANGUAGE_STANDARD = gnu99;
				GCC_WARN_64_TO_32_BIT_CONVERSION = YES;
				GCC_WARN_ABOUT_RETURN_TYPE = YES_ERROR;
				GCC_WARN_UNDECLARED_SELECTOR = YES;
				GCC_WARN_UNINITIALIZED_AUTOS = YES_AGGRESSIVE;
				GCC_WARN_UNUSED_FUNCTION = YES;
				GCC_WARN_UNUSED_VARIABLE = YES;
				IPHONEOS_DEPLOYMENT_TARGET = 8.1;
				MTL_ENABLE_DEBUG_INFO = NO;
				SDKROOT = iphoneos;
				TARGETED_DEVICE_FAMILY = "1,2";
				VALIDATE_PRODUCT = YES;
			};
			name = Release;
		};
		150C41971A1A6DF10062DE29 /* Debug */ = {
			isa = XCBuildConfiguration;
			buildSettings = {
				ASSETCATALOG_COMPILER_APPICON_NAME = AppIcon;
				CODE_SIGN_IDENTITY = "iPhone Developer";
				"CODE_SIGN_IDENTITY[sdk=iphoneos*]" = "iPhone Developer";
				INFOPLIST_FILE = HeyYou/Info.plist;
				LD_RUNPATH_SEARCH_PATHS = "$(inherited) @executable_path/Frameworks";
				PRODUCT_NAME = "$(TARGET_NAME)";
				PROVISIONING_PROFILE = "";
			};
			name = Debug;
		};
		150C41981A1A6DF10062DE29 /* Release */ = {
			isa = XCBuildConfiguration;
			buildSettings = {
				ASSETCATALOG_COMPILER_APPICON_NAME = AppIcon;
				CODE_SIGN_IDENTITY = "iPhone Developer";
				"CODE_SIGN_IDENTITY[sdk=iphoneos*]" = "iPhone Developer";
				INFOPLIST_FILE = HeyYou/Info.plist;
				LD_RUNPATH_SEARCH_PATHS = "$(inherited) @executable_path/Frameworks";
				PRODUCT_NAME = "$(TARGET_NAME)";
				PROVISIONING_PROFILE = "";
			};
			name = Release;
		};
		150C419A1A1A6DF10062DE29 /* Debug */ = {
			isa = XCBuildConfiguration;
			buildSettings = {
				BUNDLE_LOADER = "$(TEST_HOST)";
				FRAMEWORK_SEARCH_PATHS = (
					"$(SDKROOT)/Developer/Library/Frameworks",
					"$(inherited)",
				);
				GCC_PREPROCESSOR_DEFINITIONS = (
					"DEBUG=1",
					"$(inherited)",
				);
				INFOPLIST_FILE = HeyYouTests/Info.plist;
				LD_RUNPATH_SEARCH_PATHS = "$(inherited) @executable_path/Frameworks @loader_path/Frameworks";
				PRODUCT_NAME = "$(TARGET_NAME)";
				TEST_HOST = "$(BUILT_PRODUCTS_DIR)/HeyYou.app/HeyYou";
			};
			name = Debug;
		};
		150C419B1A1A6DF10062DE29 /* Release */ = {
			isa = XCBuildConfiguration;
			buildSettings = {
				BUNDLE_LOADER = "$(TEST_HOST)";
				FRAMEWORK_SEARCH_PATHS = (
					"$(SDKROOT)/Developer/Library/Frameworks",
					"$(inherited)",
				);
				INFOPLIST_FILE = HeyYouTests/Info.plist;
				LD_RUNPATH_SEARCH_PATHS = "$(inherited) @executable_path/Frameworks @loader_path/Frameworks";
				PRODUCT_NAME = "$(TARGET_NAME)";
				TEST_HOST = "$(BUILT_PRODUCTS_DIR)/HeyYou.app/HeyYou";
			};
			name = Release;
		};
/* End XCBuildConfiguration section */

/* Begin XCConfigurationList section */
		150C416B1A1A6DF10062DE29 /* Build configuration list for PBXProject "HeyYou" */ = {
			isa = XCConfigurationList;
			buildConfigurations = (
				150C41941A1A6DF10062DE29 /* Debug */,
				150C41951A1A6DF10062DE29 /* Release */,
			);
			defaultConfigurationIsVisible = 0;
			defaultConfigurationName = Release;
		};
		150C41961A1A6DF10062DE29 /* Build configuration list for PBXNativeTarget "HeyYou" */ = {
			isa = XCConfigurationList;
			buildConfigurations = (
				150C41971A1A6DF10062DE29 /* Debug */,
				150C41981A1A6DF10062DE29 /* Release */,
			);
			defaultConfigurationIsVisible = 0;
			defaultConfigurationName = Release;
		};
		150C41991A1A6DF10062DE29 /* Build configuration list for PBXNativeTarget "HeyYouTests" */ = {
			isa = XCConfigurationList;
			buildConfigurations = (
				150C419A1A1A6DF10062DE29 /* Debug */,
				150C419B1A1A6DF10062DE29 /* Release */,
			);
			defaultConfigurationIsVisible = 0;
			defaultConfigurationName = Release;
		};
/* End XCConfigurationList section */

/* Begin XCVersionGroup section */
		150C417A1A1A6DF10062DE29 /* HeyYou.xcdatamodeld */ = {
			isa = XCVersionGroup;
			children = (
				150C417B1A1A6DF10062DE29 /* HeyYou.xcdatamodel */,
			);
			currentVersion = 150C417B1A1A6DF10062DE29 /* HeyYou.xcdatamodel */;
			path = HeyYou.xcdatamodeld;
			sourceTree = "<group>";
			versionGroupType = wrapper.xcdatamodel;
		};
/* End XCVersionGroup section */
	};
	rootObject = 150C41681A1A6DF10062DE29 /* Project object */;
}
